<?xml version="1.0" encoding="utf-8"?>
<Project ToolsVersion="4.0" xmlns="http://schemas.microsoft.com/developer/msbuild/2003">
  <ItemGroup>
    <Filter Include="Source Files">
      <UniqueIdentifier>{4FC737F1-C7A5-4376-A066-2A32D752A2FF}</UniqueIdentifier>
      <Extensions>cpp;c;cc;cxx;def;odl;idl;hpj;bat;asm;asmx</Extensions>
    </Filter>
    <Filter Include="Header Files">
      <UniqueIdentifier>{93995380-89BD-4b04-88EB-625FBE52EBFB}</UniqueIdentifier>
      <Extensions>h;hh;hpp;hxx;hm;inl;inc;ipp;xsd</Extensions>
    </Filter>
    <Filter Include="Resource Files">
      <UniqueIdentifier>{67DA6AB6-F800-4c08-8B7A-83BB121AAD01}</UniqueIdentifier>
      <Extensions>rc;ico;cur;bmp;dlg;rc2;rct;bin;rgs;gif;jpg;jpeg;jpe;resx;tiff;tif;png;wav;mfcribbon-ms</Extensions>
    </Filter>
  </ItemGroup>
  <ItemGroup>
    <ClCompile Include="Problem_1-2_MultiplicationTable.cpp">
      <Filter>Source Files</Filter>
    </ClCompile>
    <ClCompile Include="Problem_2-2_CheckPrime.cpp">
      <Filter>Source Files</Filter>
    </ClCompile>
    <ClCompile Include="Problem_3-2_CheckPerfectNum.cpp">
      <Filter>Source Files</Filter>
    </ClCompile>
    <ClCompile Include="Problem_4-2_PerfectNum1toN.cpp">
      <Filter>Source Files</Filter>
    </ClCompile>
    <ClCompile Include="Problem_5-2_ReversedDigitsOrder.cpp">
      <Filter>Source Files</Filter>
    </ClCompile>
    <ClCompile Include="Problem_6-2_SumOfDigits.cpp">
      <Filter>Source Files</Filter>
    </ClCompile>
    <ClCompile Include="Problem_7-2_ReverseNumber.cpp">
      <Filter>Source Files</Filter>
    </ClCompile>
    <ClCompile Include="Problem_8-2_DigitFrequency.cpp">
      <Filter>Source Files</Filter>
    </ClCompile>
    <ClCompile Include="Problem_9-2_AllDigitFrequency.cpp">
      <Filter>Source Files</Filter>
    </ClCompile>
    <ClCompile Include="Problem_10-2_PrintDigitsInOrder.cpp">
      <Filter>Source Files</Filter>
    </ClCompile>
    <ClCompile Include="Problem_0-2_ReadNum.cpp">
      <Filter>Source Files</Filter>
    </ClCompile>
    <ClCompile Include="Problem_11-2_PalindromeNum.cpp">
      <Filter>Source Files</Filter>
    </ClCompile>
    <ClCompile Include="Problem_12-2_InvertedPattern.cpp">
      <Filter>Source Files</Filter>
    </ClCompile>
    <ClCompile Include="Problem_13-2_NumberPattern.cpp">
      <Filter>Source Files</Filter>
    </ClCompile>
    <ClCompile Include="Problem_14-2_InvertedLetterPattern.cpp">
      <Filter>Source Files</Filter>
    </ClCompile>
    <ClCompile Include="Problem_15-2_LetterPattern.cpp">
      <Filter>Source Files</Filter>
    </ClCompile>
    <ClCompile Include="Problem_16-2_AAAtoZZZ.cpp">
      <Filter>Source Files</Filter>
    </ClCompile>
    <ClCompile Include="Problem_17-2_LetterPassword.cpp">
      <Filter>Source Files</Filter>
    </ClCompile>
    <ClCompile Include="Problem_18-2_EncryptDecryptText.cpp">
      <Filter>Source Files</Filter>
    </ClCompile>
    <ClCompile Include="Problem_19-2_RandomNum1toN.cpp">
      <Filter>Source Files</Filter>
    </ClCompile>
    <ClCompile Include="Problem_20-2_RandomCases.cpp">
      <Filter>Source Files</Filter>
    </ClCompile>
    <ClCompile Include="Problem_21-2_GenerateKey.cpp">
      <Filter>Source Files</Filter>
    </ClCompile>
    <ClCompile Include="Problem_22-2_RepeatedElementsCountInArray.cpp">
      <Filter>Source Files</Filter>
    </ClCompile>
    <ClCompile Include="Problem_23-2_RandomArrayElements.cpp">
      <Filter>Source Files</Filter>
    </ClCompile>
    <ClCompile Include="Problem_24-2_MaxRandomArray.cpp">
      <Filter>Source Files</Filter>
    </ClCompile>
    <ClCompile Include="Problem_25-2_MinRandomArray.cpp">
      <Filter>Source Files</Filter>
    </ClCompile>
    <ClCompile Include="Problem_26-2_SumRandomArray.cpp">
      <Filter>Source Files</Filter>
    </ClCompile>
    <ClCompile Include="Problem_27-2_AvgRandomArray.cpp">
      <Filter>Source Files</Filter>
    </ClCompile>
    <ClCompile Include="Problem_28-2_CopyArray.cpp">
      <Filter>Source Files</Filter>
    </ClCompile>
    <ClCompile Include="Problem_29-2_CopyPrimeNumbers.cpp">
      <Filter>Source Files</Filter>
    </ClCompile>
    <ClCompile Include="Problem_30-2_SumTwoArrays.cpp">
      <Filter>Source Files</Filter>
    </ClCompile>
    <ClCompile Include="Problem_31-2_ShuffledArray.cpp">
      <Filter>Source Files</Filter>
    </ClCompile>
    <ClCompile Include="Problem_32-2_CopyArrayInReverseOrder.cpp">
      <Filter>Source Files</Filter>
    </ClCompile>
    <ClCompile Include="Problem_33-2_FillArrayWithKeys.cpp">
      <Filter>Source Files</Filter>
    </ClCompile>
    <ClCompile Include="Problem_34-2_ReturnNumberIndexArray.cpp">
      <Filter>Source Files</Filter>
    </ClCompile>
  </ItemGroup>
  <ItemGroup>
    <ClInclude Include="Problem_1-2_MultiplicationTable.h">
      <Filter>Header Files</Filter>
    </ClInclude>
    <ClInclude Include="Problem_5-2_ReversedDigitsOrder.h">
      <Filter>Header Files</Filter>
    </ClInclude>
    <ClInclude Include="Problem_0-2_ReadNum.h">
      <Filter>Header Files</Filter>
    </ClInclude>
    <ClInclude Include="Problem_7-2_ReverseNumber.h">
      <Filter>Header Files</Filter>
    </ClInclude>
    <ClInclude Include="Problem_2-2_CheckPrime.h">
      <Filter>Header Files</Filter>
    </ClInclude>
    <ClInclude Include="Problem_3-2_CheckPerfectNum.h">
      <Filter>Header Files</Filter>
    </ClInclude>
    <ClInclude Include="Problem_4-2_PerfectNum1toN.h">
      <Filter>Header Files</Filter>
    </ClInclude>
    <ClInclude Include="Problem_6-2_SumOfDigits.h">
      <Filter>Header Files</Filter>
    </ClInclude>
    <ClInclude Include="Problem_8-2_DigitFrequency.h">
      <Filter>Header Files</Filter>
    </ClInclude>
    <ClInclude Include="Problem_9-2_AllDigitFrequency.h">
      <Filter>Header Files</Filter>
    </ClInclude>
    <ClInclude Include="Problem_10-2_PrintDigitsInOrder.h">
      <Filter>Header Files</Filter>
    </ClInclude>
    <ClInclude Include="Problem_16-2_AAAtoZZZ.h">
      <Filter>Header Files</Filter>
    </ClInclude>
    <ClInclude Include="Problem_19-2_RandomNum1toN.h">
      <Filter>Header Files</Filter>
    </ClInclude>
    <ClInclude Include="Problem_20-2_RandomCases.h">
      <Filter>Header Files</Filter>
    </ClInclude>
    <ClInclude Include="Problem_23-2_RandomArrayElements.h">
      <Filter>Header Files</Filter>
    </ClInclude>
    <ClInclude Include="Problem_26-2_SumRandomArray.h">
      <Filter>Header Files</Filter>
    </ClInclude>
    <ClInclude Include="Problem_28-2_CopyArray.h">
      <Filter>Header Files</Filter>
    </ClInclude>
    <ClInclude Include="Problem_21-2_GenerateKeys.h">
      <Filter>Header Files</Filter>
    </ClInclude>
  </ItemGroup>
</Project>